
Microsoft Visual Studio Solution File, Format Version 12.00
# Visual Studio Version 16
VisualStudioVersion = 16.0.31624.102
MinimumVisualStudioVersion = 10.0.40219.1
Project("{FAE04EC0-301F-11D3-BF4B-00C04F79EFBC}") = "CrawlDataUniversity", "CrawlDataUniversity.csproj", "{E667B60A-837D-4BFB-9FA7-EBB68B0896C0}"
EndProject
Global
	GlobalSection(SolutionConfigurationPlatforms) = preSolution
		Debug|Any CPU = Debug|Any CPU
		Release|Any CPU = Release|Any CPU
	EndGlobalSection
	GlobalSection(ProjectConfigurationPlatforms) = postSolution
		{E667B60A-837D-4BFB-9FA7-EBB68B0896C0}.Debug|Any CPU.ActiveCfg = Debug|Any CPU
		{E667B60A-837D-4BFB-9FA7-EBB68B0896C0}.Debug|Any CPU.Build.0 = Debug|Any CPU
		{E667B60A-837D-4BFB-9FA7-EBB68B0896C0}.Release|Any CPU.ActiveCfg = Release|Any CPU
		{E667B60A-837D-4BFB-9FA7-EBB68B0896C0}.Release|Any CPU.Build.0 = Release|Any CPU
	EndGlobalSection
	GlobalSection(SolutionProperties) = preSolution
		HideSolutionNode = FALSE
	EndGlobalSection
	GlobalSection(ExtensibilityGlobals) = postSolution
		SolutionGuid = {D7807E99-845C-4C25-AEFD-2C7A975A2014}
	EndGlobalSection
EndGlobal
